
Microsoft Visual Studio Solution File, Format Version 12.00
# Visual Studio Version 16
VisualStudioVersion = 16.0.29209.62
MinimumVisualStudioVersion = 10.0.40219.1
Project("{FAE04EC0-301F-11D3-BF4B-00C04F79EFBC}") = "WebApp", "WebApp\WebApp.csproj", "{36C31B0C-1A9B-41CE-849A-52E9D45F369A}"
EndProject
Global
	GlobalSection(SolutionConfigurationPlatforms) = preSolution
		Debug|Any CPU = Debug|Any CPU
		Release|Any CPU = Release|Any CPU
	EndGlobalSection
	GlobalSection(ProjectConfigurationPlatforms) = postSolution
		{36C31B0C-1A9B-41CE-849A-52E9D45F369A}.Debug|Any CPU.ActiveCfg = Debug|Any CPU
		{36C31B0C-1A9B-41CE-849A-52E9D45F369A}.Debug|Any CPU.Build.0 = Debug|Any CPU
		{36C31B0C-1A9B-41CE-849A-52E9D45F369A}.Release|Any CPU.ActiveCfg = Release|Any CPU
		{36C31B0C-1A9B-41CE-849A-52E9D45F369A}.Release|Any CPU.Build.0 = Release|Any CPU
	EndGlobalSection
	GlobalSection(SolutionProperties) = preSolution
		HideSolutionNode = FALSE
	EndGlobalSection
	GlobalSection(ExtensibilityGlobals) = postSolution
		SolutionGuid = {908898EC-F7D0-4C5C-9A02-90A943EE4258}
	EndGlobalSection
EndGlobal
